
Microsoft Visual Studio Solution File, Format Version 12.00
# Visual Studio Version 16
VisualStudioVersion = 16.0.33328.57
MinimumVisualStudioVersion = 10.0.40219.1
Project("{FAE04EC0-301F-11D3-BF4B-00C04F79EFBC}") = "anagrafica console", "anagrafica console.csproj", "{52E60673-A7CD-4EE3-B9AE-1136CFA6EB33}"
EndProject
Global
	GlobalSection(SolutionConfigurationPlatforms) = preSolution
		Debug|Any CPU = Debug|Any CPU
		Release|Any CPU = Release|Any CPU
	EndGlobalSection
	GlobalSection(ProjectConfigurationPlatforms) = postSolution
		{52E60673-A7CD-4EE3-B9AE-1136CFA6EB33}.Debug|Any CPU.ActiveCfg = Debug|Any CPU
		{52E60673-A7CD-4EE3-B9AE-1136CFA6EB33}.Debug|Any CPU.Build.0 = Debug|Any CPU
		{52E60673-A7CD-4EE3-B9AE-1136CFA6EB33}.Release|Any CPU.ActiveCfg = Release|Any CPU
		{52E60673-A7CD-4EE3-B9AE-1136CFA6EB33}.Release|Any CPU.Build.0 = Release|Any CPU
	EndGlobalSection
	GlobalSection(SolutionProperties) = preSolution
		HideSolutionNode = FALSE
	EndGlobalSection
	GlobalSection(ExtensibilityGlobals) = postSolution
		SolutionGuid = {763A09C2-4E7B-42D4-911C-A56072A46D80}
	EndGlobalSection
EndGlobal
